{
  "version": 4,
  "terraform_version": "1.4.2",
  "serial": 12,
  "lineage": "8c027107-ff78-4111-c6f8-b13daad628bb",
  "outputs": {},
  "resources": [
    {
      "mode": "data",
      "type": "aws_eks_cluster",
      "name": "demo",
      "provider": "provider[\"registry.terraform.io/hashicorp/aws\"]",
      "instances": [
        {
          "schema_version": 0,
          "attributes": {
            "arn": "arn:aws:eks:us-east-1:588157157062:cluster/demo",
            "certificate_authority": [
              {
                "data": "LS0tLS1CRUdJTiBDRVJUSUZJQ0FURS0tLS0tCk1JSUMvakNDQWVhZ0F3SUJBZ0lCQURBTkJna3Foa2lHOXcwQkFRc0ZBREFWTVJNd0VRWURWUVFERXdwcmRXSmwKY201bGRHVnpNQjRYRFRJek1ETXhPVEUwTURnd05Gb1hEVE16TURNeE5qRTBNRGd3TkZvd0ZURVRNQkVHQTFVRQpBeE1LYTNWaVpYSnVaWFJsY3pDQ0FTSXdEUVlKS29aSWh2Y05BUUVCQlFBRGdnRVBBRENDQVFvQ2dnRUJBSzJoCk0xSUVnUnJKbmROQVpHUXhTaDJlUUJwNXB4QjlCOGpNb1V6aDFrK1NKbDFlQ3p5YXYxUjg1aDM1ekhnUGxmcVgKbTJKamFyYjdqTTQ5N081QXFlMnN4dDR4S090RUJXM0FrSnRHaTljWC9ISEs2Rk9WYStPQk9zeHB5cjdobml4bgpHQzZUclB0OXNHL0RhdWNXazY0c2hKRHJlcVVEc1daVVNWb3hsT05sYVB4WFVlbzFIMUNLY1VPbFNGTXZmR21ZCi9JUnY3WGpzVVVLaklZa3hGMHAxT2lqSHBtZjV6NVRaTGxseVFINVc3RlZaSytaMDAyQWZDdmhHR3dDVEtYQ3YKcDgrL3hIN2dJSzhLVXRwZmFUbVpPc1Qva2wzTXNSTSt2K28vVDFXOFlLOGtEQ3hwdTdURXRneTBhNGcyeGhaZgp0cjBJbWhvVkVHSkpqdmtQVFkwQ0F3RUFBYU5aTUZjd0RnWURWUjBQQVFIL0JBUURBZ0trTUE4R0ExVWRFd0VCCi93UUZNQU1CQWY4d0hRWURWUjBPQkJZRUZHTTREK1VDS1dIcURoMStTRExYZTRHUFVPSHNNQlVHQTFVZEVRUU8KTUF5Q0NtdDFZbVZ5Ym1WMFpYTXdEUVlKS29aSWh2Y05BUUVMQlFBRGdnRUJBQVAzS2ROczRnNVA5eC9hVUk0RwpNcDE3V0VNSW5XZjQxa1hzOWdmZ1dDdlU2YUtrYkY1WldROVVGYWljVmdnckVnUlBHMm9iTkNNV2N2Y1o1ckczCjhKeXBGSEdEczB1STRsb1RUanBmbXVvS3BxSERpN1JTdDc3TmdkVStCdWR2SnU0KzczRWt0KzBEZ3h1REdxTGgKemxGeExPd0g0RmQrNk9oYlZvSnhNdWhUQzQ2TG1EdU5YSUtqdkdNYmsxajZVMTFWcTZRT296YVdYWFdOdUtOTQo5S1o0Ti8rK3RWcUFOYnFzQmxVZHBCYkp6S1hReER5aStGL0t5MW1PT3c3SFB2OWpvbkJ2OTVkWjk1Y0hCWnBuCjk2SHBKK2s0amJRVWtXTk8vVkdNUS82WWRTd2lDOUJLS0hSRjVleGtYTkZNandZVkJUUkp3WnFkbzRuN3RqUUMKSitvPQotLS0tLUVORCBDRVJUSUZJQ0FURS0tLS0tCg=="
              }
            ],
            "cluster_id": null,
            "created_at": "2023-03-19 14:01:53.536 +0000 UTC",
            "enabled_cluster_log_types": [],
            "endpoint": "https://9BD45BFBDFBB79BB14B49C2B7958619F.gr7.us-east-1.eks.amazonaws.com",
            "id": "demo",
            "identity": [
              {
                "oidc": [
                  {
                    "issuer": "https://oidc.eks.us-east-1.amazonaws.com/id/9BD45BFBDFBB79BB14B49C2B7958619F"
                  }
                ]
              }
            ],
            "kubernetes_network_config": [
              {
                "ip_family": "ipv4",
                "service_ipv4_cidr": "172.20.0.0/16",
                "service_ipv6_cidr": ""
              }
            ],
            "name": "demo",
            "outpost_config": [],
            "platform_version": "eks.1",
            "role_arn": "arn:aws:iam::588157157062:role/eks-cluster-demo",
            "status": "ACTIVE",
            "tags": {},
            "version": "1.25",
            "vpc_config": [
              {
                "cluster_security_group_id": "sg-0ec3d1d4237530eb1",
                "endpoint_private_access": false,
                "endpoint_public_access": true,
                "public_access_cidrs": [
                  "0.0.0.0/0"
                ],
                "security_group_ids": [],
                "subnet_ids": [
                  "subnet-02aa836e578ad9125",
                  "subnet-03df2899d91e0658d",
                  "subnet-06a087305f3bd57f8",
                  "subnet-096b7bb783bdf4f6f"
                ],
                "vpc_id": "vpc-098cdaa57c6af7503"
              }
            ]
          },
          "sensitive_attributes": []
        }
      ]
    },
    {
      "mode": "data",
      "type": "aws_eks_cluster_auth",
      "name": "demo_auth",
      "provider": "provider[\"registry.terraform.io/hashicorp/aws\"]",
      "instances": [
        {
          "schema_version": 0,
          "attributes": {
            "id": "demo_auth",
            "name": "demo_auth",
            "token": "k8s-aws-v1.aHR0cHM6Ly9zdHMuYW1hem9uYXdzLmNvbS8_QWN0aW9uPUdldENhbGxlcklkZW50aXR5JlZlcnNpb249MjAxMS0wNi0xNSZYLUFtei1BbGdvcml0aG09QVdTNC1ITUFDLVNIQTI1NiZYLUFtei1DcmVkZW50aWFsPUFLSUFZUjRIRjczREVIWEMySVY2JTJGMjAyMzAzMTklMkZ1cy1lYXN0LTElMkZzdHMlMkZhd3M0X3JlcXVlc3QmWC1BbXotRGF0ZT0yMDIzMDMxOVQxNzI0NDZaJlgtQW16LUV4cGlyZXM9MCZYLUFtei1TaWduZWRIZWFkZXJzPWhvc3QlM0J4LWs4cy1hd3MtaWQmWC1BbXotU2lnbmF0dXJlPWE0NzZhZWYwODk1ZTkwOTUwYmFhMWY0Mjk3ZTFjMmEwMDJmMjE5ZDA0MTMzZjRlNTM3NjdhMDQ2M2E2ZjRiM2E"
          },
          "sensitive_attributes": []
        }
      ]
    },
    {
      "mode": "managed",
      "type": "kubernetes_ingress_v1",
      "name": "micro-ingress",
      "provider": "provider[\"registry.terraform.io/hashicorp/kubernetes\"]",
      "instances": [
        {
          "schema_version": 0,
          "attributes": {
            "id": "sock-shop/sock-shop",
            "metadata": [
              {
                "annotations": {
                  "kubernetes.io/ingress.class": "nginx"
                },
                "generate_name": "",
                "generation": 1,
                "labels": {
                  "name": "front-end"
                },
                "name": "sock-shop",
                "namespace": "sock-shop",
                "resource_version": "34648",
                "uid": "e26213c1-26df-49c9-ae09-aec824c705dd"
              }
            ],
            "spec": [
              {
                "default_backend": [],
                "ingress_class_name": "",
                "rule": [
                  {
                    "host": "sock-shop.oluchukwu.engineer",
                    "http": [
                      {
                        "path": [
                          {
                            "backend": [
                              {
                                "resource": [],
                                "service": [
                                  {
                                    "name": "front-end",
                                    "port": [
                                      {
                                        "name": "",
                                        "number": 80
                                      }
                                    ]
                                  }
                                ]
                              }
                            ],
                            "path": "",
                            "path_type": "ImplementationSpecific"
                          }
                        ]
                      }
                    ]
                  }
                ],
                "tls": []
              }
            ],
            "status": [
              {
                "load_balancer": [
                  {
                    "ingress": []
                  }
                ]
              }
            ],
            "wait_for_load_balancer": null
          },
          "sensitive_attributes": [],
          "private": "bnVsbA==",
          "dependencies": [
            "data.aws_eks_cluster.demo"
          ]
        }
      ]
    },
    {
      "mode": "managed",
      "type": "kubernetes_ingress_v1",
      "name": "voting-ingress",
      "provider": "provider[\"registry.terraform.io/hashicorp/kubernetes\"]",
      "instances": [
        {
          "schema_version": 0,
          "attributes": {
            "id": "default/azure-vote-front",
            "metadata": [
              {
                "annotations": {
                  "kubernetes.io/ingress.class": "nginx"
                },
                "generate_name": "",
                "generation": 1,
                "labels": {
                  "name": "azure-vote-front"
                },
                "name": "azure-vote-front",
                "namespace": "default",
                "resource_version": "28887",
                "uid": "61ff35a7-5c79-499e-bf62-a63d76ec2a74"
              }
            ],
            "spec": [
              {
                "default_backend": [],
                "ingress_class_name": "",
                "rule": [
                  {
                    "host": "voting.oluchukwu.engineer",
                    "http": [
                      {
                        "path": [
                          {
                            "backend": [
                              {
                                "resource": [],
                                "service": [
                                  {
                                    "name": "azure-vote-front",
                                    "port": [
                                      {
                                        "name": "",
                                        "number": 80
                                      }
                                    ]
                                  }
                                ]
                              }
                            ],
                            "path": "",
                            "path_type": "ImplementationSpecific"
                          }
                        ]
                      }
                    ]
                  }
                ],
                "tls": []
              }
            ],
            "status": [
              {
                "load_balancer": [
                  {
                    "ingress": [
                      {
                        "hostname": "a74db455175294b00822d0a013d4bfd0-2113961092.us-east-1.elb.amazonaws.com",
                        "ip": ""
                      }
                    ]
                  }
                ]
              }
            ],
            "wait_for_load_balancer": null
          },
          "sensitive_attributes": [],
          "private": "bnVsbA==",
          "dependencies": [
            "data.aws_eks_cluster.demo"
          ]
        }
      ]
    }
  ],
  "check_results": null
}
